// !$*UTF8*$!
{
	archiveVersion = 1;
	classes = {
	};
	objectVersion = 55;
	objects = {

/* Begin PBXBuildFile section */
		40D7EE938AD188FA2F4E7C3A /* Pods_BugdetApp.framework in Frameworks */ = {isa = PBXBuildFile; fileRef = 3E629B9F12EDDEA361DB5AF6 /* Pods_BugdetApp.framework */; };
		4A48C0822983DBD0005D6C2E /* BudgetModel.xcdatamodeld in Sources */ = {isa = PBXBuildFile; fileRef = 4A48C0802983DBD0005D6C2E /* BudgetModel.xcdatamodeld */; };
		4A48C0842983E053005D6C2E /* AddBudgetCategoryViewController.swift in Sources */ = {isa = PBXBuildFile; fileRef = 4A48C0832983E053005D6C2E /* AddBudgetCategoryViewController.swift */; };
		4A7066DB2983DA3700B37330 /* AppDelegate.swift in Sources */ = {isa = PBXBuildFile; fileRef = 4A7066DA2983DA3700B37330 /* AppDelegate.swift */; };
		4A7066DD2983DA3700B37330 /* SceneDelegate.swift in Sources */ = {isa = PBXBuildFile; fileRef = 4A7066DC2983DA3700B37330 /* SceneDelegate.swift */; };
		4A7066DF2983DA3700B37330 /* BudgetCategoriesTableViewController.swift in Sources */ = {isa = PBXBuildFile; fileRef = 4A7066DE2983DA3700B37330 /* BudgetCategoriesTableViewController.swift */; };
		4A7066E42983DA3800B37330 /* Assets.xcassets in Resources */ = {isa = PBXBuildFile; fileRef = 4A7066E32983DA3800B37330 /* Assets.xcassets */; };
		4A7066E72983DA3800B37330 /* LaunchScreen.storyboard in Resources */ = {isa = PBXBuildFile; fileRef = 4A7066E52983DA3800B37330 /* LaunchScreen.storyboard */; };
/* End PBXBuildFile section */

/* Begin PBXFileReference section */
		1891872DA1453C6B4FD25DDC /* Pods-BugdetApp.release.xcconfig */ = {isa = PBXFileReference; includeInIndex = 1; lastKnownFileType = text.xcconfig; name = "Pods-BugdetApp.release.xcconfig"; path = "Target Support Files/Pods-BugdetApp/Pods-BugdetApp.release.xcconfig"; sourceTree = "<group>"; };
		3E629B9F12EDDEA361DB5AF6 /* Pods_BugdetApp.framework */ = {isa = PBXFileReference; explicitFileType = wrapper.framework; includeInIndex = 0; path = Pods_BugdetApp.framework; sourceTree = BUILT_PRODUCTS_DIR; };
		4A48C0812983DBD0005D6C2E /* BudgetModel.xcdatamodel */ = {isa = PBXFileReference; lastKnownFileType = wrapper.xcdatamodel; path = BudgetModel.xcdatamodel; sourceTree = "<group>"; };
		4A48C0832983E053005D6C2E /* AddBudgetCategoryViewController.swift */ = {isa = PBXFileReference; lastKnownFileType = sourcecode.swift; path = AddBudgetCategoryViewController.swift; sourceTree = "<group>"; };
		4A7066D72983DA3700B37330 /* BugdetApp.app */ = {isa = PBXFileReference; explicitFileType = wrapper.application; includeInIndex = 0; path = BugdetApp.app; sourceTree = BUILT_PRODUCTS_DIR; };
		4A7066DA2983DA3700B37330 /* AppDelegate.swift */ = {isa = PBXFileReference; lastKnownFileType = sourcecode.swift; path = AppDelegate.swift; sourceTree = "<group>"; };
		4A7066DC2983DA3700B37330 /* SceneDelegate.swift */ = {isa = PBXFileReference; lastKnownFileType = sourcecode.swift; path = SceneDelegate.swift; sourceTree = "<group>"; };
		4A7066DE2983DA3700B37330 /* BudgetCategoriesTableViewController.swift */ = {isa = PBXFileReference; lastKnownFileType = sourcecode.swift; path = BudgetCategoriesTableViewController.swift; sourceTree = "<group>"; };
		4A7066E32983DA3800B37330 /* Assets.xcassets */ = {isa = PBXFileReference; lastKnownFileType = folder.assetcatalog; path = Assets.xcassets; sourceTree = "<group>"; };
		4A7066E62983DA3800B37330 /* Base */ = {isa = PBXFileReference; lastKnownFileType = file.storyboard; name = Base; path = Base.lproj/LaunchScreen.storyboard; sourceTree = "<group>"; };
		4A7066E82983DA3800B37330 /* Info.plist */ = {isa = PBXFileReference; lastKnownFileType = text.plist.xml; path = Info.plist; sourceTree = "<group>"; };
		757045D19FF90DEC3F433116 /* Pods-BugdetApp.debug.xcconfig */ = {isa = PBXFileReference; includeInIndex = 1; lastKnownFileType = text.xcconfig; name = "Pods-BugdetApp.debug.xcconfig"; path = "Target Support Files/Pods-BugdetApp/Pods-BugdetApp.debug.xcconfig"; sourceTree = "<group>"; };
/* End PBXFileReference section */

/* Begin PBXFrameworksBuildPhase section */
		4A7066D42983DA3700B37330 /* Frameworks */ = {
			isa = PBXFrameworksBuildPhase;
			buildActionMask = 2147483647;
			files = (
				40D7EE938AD188FA2F4E7C3A /* Pods_BugdetApp.framework in Frameworks */,
			);
			runOnlyForDeploymentPostprocessing = 0;
		};
/* End PBXFrameworksBuildPhase section */

/* Begin PBXGroup section */
		476757830498468885C96251 /* Pods */ = {
			isa = PBXGroup;
			children = (
				757045D19FF90DEC3F433116 /* Pods-BugdetApp.debug.xcconfig */,
				1891872DA1453C6B4FD25DDC /* Pods-BugdetApp.release.xcconfig */,
			);
			path = Pods;
			sourceTree = "<group>";
		};
		4A7066CE2983DA3700B37330 = {
			isa = PBXGroup;
			children = (
				4A7066D92983DA3700B37330 /* BugdetApp */,
				4A7066D82983DA3700B37330 /* Products */,
				476757830498468885C96251 /* Pods */,
				58258C3704283807B342AAF4 /* Frameworks */,
			);
			sourceTree = "<group>";
		};
		4A7066D82983DA3700B37330 /* Products */ = {
			isa = PBXGroup;
			children = (
				4A7066D72983DA3700B37330 /* BugdetApp.app */,
			);
			name = Products;
			sourceTree = "<group>";
		};
		4A7066D92983DA3700B37330 /* BugdetApp */ = {
			isa = PBXGroup;
			children = (
				4A7066DA2983DA3700B37330 /* AppDelegate.swift */,
				4A7066DC2983DA3700B37330 /* SceneDelegate.swift */,
				4A7066DE2983DA3700B37330 /* BudgetCategoriesTableViewController.swift */,
				4A7066E32983DA3800B37330 /* Assets.xcassets */,
				4A7066E52983DA3800B37330 /* LaunchScreen.storyboard */,
				4A7066E82983DA3800B37330 /* Info.plist */,
				4A48C0802983DBD0005D6C2E /* BudgetModel.xcdatamodeld */,
				4A48C0832983E053005D6C2E /* AddBudgetCategoryViewController.swift */,
			);
			path = BugdetApp;
			sourceTree = "<group>";
		};
		58258C3704283807B342AAF4 /* Frameworks */ = {
			isa = PBXGroup;
			children = (
				3E629B9F12EDDEA361DB5AF6 /* Pods_BugdetApp.framework */,
			);
			name = Frameworks;
			sourceTree = "<group>";
		};
/* End PBXGroup section */

/* Begin PBXNativeTarget section */
		4A7066D62983DA3700B37330 /* BugdetApp */ = {
			isa = PBXNativeTarget;
			buildConfigurationList = 4A7066EB2983DA3800B37330 /* Build configuration list for PBXNativeTarget "BugdetApp" */;
			buildPhases = (
				C74F68B995A9776570FD7C81 /* [CP] Check Pods Manifest.lock */,
				4A7066D32983DA3700B37330 /* Sources */,
				4A7066D42983DA3700B37330 /* Frameworks */,
				4A7066D52983DA3700B37330 /* Resources */,
				CC4CA75080558EB485EC16B5 /* [CP] Embed Pods Frameworks */,
			);
			buildRules = (
			);
			dependencies = (
			);
			name = BugdetApp;
			productName = BugdetApp;
			productReference = 4A7066D72983DA3700B37330 /* BugdetApp.app */;
			productType = "com.apple.product-type.application";
		};
/* End PBXNativeTarget section */

/* Begin PBXProject section */
		4A7066CF2983DA3700B37330 /* Project object */ = {
			isa = PBXProject;
			attributes = {
				BuildIndependentTargetsInParallel = 1;
				LastSwiftUpdateCheck = 1420;
				LastUpgradeCheck = 1420;
				TargetAttributes = {
					4A7066D62983DA3700B37330 = {
						CreatedOnToolsVersion = 14.2;
					};
				};
			};
			buildConfigurationList = 4A7066D22983DA3700B37330 /* Build configuration list for PBXProject "BugdetApp" */;
			compatibilityVersion = "Xcode 13.0";
			developmentRegion = en;
			hasScannedForEncodings = 0;
			knownRegions = (
				en,
				Base,
			);
			mainGroup = 4A7066CE2983DA3700B37330;
			productRefGroup = 4A7066D82983DA3700B37330 /* Products */;
			projectDirPath = "";
			projectRoot = "";
			targets = (
				4A7066D62983DA3700B37330 /* BugdetApp */,
			);
		};
/* End PBXProject section */

/* Begin PBXResourcesBuildPhase section */
		4A7066D52983DA3700B37330 /* Resources */ = {
			isa = PBXResourcesBuildPhase;
			buildActionMask = 2147483647;
			files = (
				4A7066E72983DA3800B37330 /* LaunchScreen.storyboard in Resources */,
				4A7066E42983DA3800B37330 /* Assets.xcassets in Resources */,
			);
			runOnlyForDeploymentPostprocessing = 0;
		};
/* End PBXResourcesBuildPhase section */

/* Begin PBXShellScriptBuildPhase section */
		C74F68B995A9776570FD7C81 /* [CP] Check Pods Manifest.lock */ = {
			isa = PBXShellScriptBuildPhase;
			buildActionMask = 2147483647;
			files = (
			);
			inputFileListPaths = (
			);
			inputPaths = (
				"${PODS_PODFILE_DIR_PATH}/Podfile.lock",
				"${PODS_ROOT}/Manifest.lock",
			);
			name = "[CP] Check Pods Manifest.lock";
			outputFileListPaths = (
			);
			outputPaths = (
				"$(DERIVED_FILE_DIR)/Pods-BugdetApp-checkManifestLockResult.txt",
			);
			runOnlyForDeploymentPostprocessing = 0;
			shellPath = /bin/sh;
			shellScript = "diff \"${PODS_PODFILE_DIR_PATH}/Podfile.lock\" \"${PODS_ROOT}/Manifest.lock\" > /dev/null\nif [ $? != 0 ] ; then\n    # print error to STDERR\n    echo \"error: The sandbox is not in sync with the Podfile.lock. Run 'pod install' or update your CocoaPods installation.\" >&2\n    exit 1\nfi\n# This output is used by Xcode 'outputs' to avoid re-running this script phase.\necho \"SUCCESS\" > \"${SCRIPT_OUTPUT_FILE_0}\"\n";
			showEnvVarsInLog = 0;
		};
		CC4CA75080558EB485EC16B5 /* [CP] Embed Pods Frameworks */ = {
			isa = PBXShellScriptBuildPhase;
			buildActionMask = 2147483647;
			files = (
			);
			inputFileListPaths = (
				"${PODS_ROOT}/Target Support Files/Pods-BugdetApp/Pods-BugdetApp-frameworks-${CONFIGURATION}-input-files.xcfilelist",
			);
			name = "[CP] Embed Pods Frameworks";
			outputFileListPaths = (
				"${PODS_ROOT}/Target Support Files/Pods-BugdetApp/Pods-BugdetApp-frameworks-${CONFIGURATION}-output-files.xcfilelist",
			);
			runOnlyForDeploymentPostprocessing = 0;
			shellPath = /bin/sh;
			shellScript = "\"${PODS_ROOT}/Target Support Files/Pods-BugdetApp/Pods-BugdetApp-frameworks.sh\"\n";
			showEnvVarsInLog = 0;
		};
/* End PBXShellScriptBuildPhase section */

/* Begin PBXSourcesBuildPhase section */
		4A7066D32983DA3700B37330 /* Sources */ = {
			isa = PBXSourcesBuildPhase;
			buildActionMask = 2147483647;
			files = (
				4A48C0822983DBD0005D6C2E /* BudgetModel.xcdatamodeld in Sources */,
				4A7066DF2983DA3700B37330 /* BudgetCategoriesTableViewController.swift in Sources */,
				4A7066DB2983DA3700B37330 /* AppDelegate.swift in Sources */,
				4A48C0842983E053005D6C2E /* AddBudgetCategoryViewController.swift in Sources */,
				4A7066DD2983DA3700B37330 /* SceneDelegate.swift in Sources */,
			);
			runOnlyForDeploymentPostprocessing = 0;
		};
/* End PBXSourcesBuildPhase section */

/* Begin PBXVariantGroup section */
		4A7066E52983DA3800B37330 /* LaunchScreen.storyboard */ = {
			isa = PBXVariantGroup;
			children = (
				4A7066E62983DA3800B37330 /* Base */,
			);
			name = LaunchScreen.storyboard;
			sourceTree = "<group>";
		};
/* End PBXVariantGroup section */

/* Begin XCBuildConfiguration section */
		4A7066E92983DA3800B37330 /* Debug */ = {
			isa = XCBuildConfiguration;
			buildSettings = {
				ALWAYS_SEARCH_USER_PATHS = NO;
				CLANG_ANALYZER_NONNULL = YES;
				CLANG_ANALYZER_NUMBER_OBJECT_CONVERSION = YES_AGGRESSIVE;
				CLANG_CXX_LANGUAGE_STANDARD = "gnu++20";
				CLANG_ENABLE_MODULES = YES;
				CLANG_ENABLE_OBJC_ARC = YES;
				CLANG_ENABLE_OBJC_WEAK = YES;
				CLANG_WARN_BLOCK_CAPTURE_AUTORELEASING = YES;
				CLANG_WARN_BOOL_CONVERSION = YES;
				CLANG_WARN_COMMA = YES;
				CLANG_WARN_CONSTANT_CONVERSION = YES;
				CLANG_WARN_DEPRECATED_OBJC_IMPLEMENTATIONS = YES;
				CLANG_WARN_DIRECT_OBJC_ISA_USAGE = YES_ERROR;
				CLANG_WARN_DOCUMENTATION_COMMENTS = YES;
				CLANG_WARN_EMPTY_BODY = YES;
				CLANG_WARN_ENUM_CONVERSION = YES;
				CLANG_WARN_INFINITE_RECURSION = YES;
				CLANG_WARN_INT_CONVERSION = YES;
				CLANG_WARN_NON_LITERAL_NULL_CONVERSION = YES;
				CLANG_WARN_OBJC_IMPLICIT_RETAIN_SELF = YES;
				CLANG_WARN_OBJC_LITERAL_CONVERSION = YES;
				CLANG_WARN_OBJC_ROOT_CLASS = YES_ERROR;
				CLANG_WARN_QUOTED_INCLUDE_IN_FRAMEWORK_HEADER = YES;
				CLANG_WARN_RANGE_LOOP_ANALYSIS = YES;
				CLANG_WARN_STRICT_PROTOTYPES = YES;
				CLANG_WARN_SUSPICIOUS_MOVE = YES;
				CLANG_WARN_UNGUARDED_AVAILABILITY = YES_AGGRESSIVE;
				CLANG_WARN_UNREACHABLE_CODE = YES;
				CLANG_WARN__DUPLICATE_METHOD_MATCH = YES;
				COPY_PHASE_STRIP = NO;
				DEBUG_INFORMATION_FORMAT = dwarf;
				ENABLE_STRICT_OBJC_MSGSEND = YES;
				ENABLE_TESTABILITY = YES;
				GCC_C_LANGUAGE_STANDARD = gnu11;
				GCC_DYNAMIC_NO_PIC = NO;
				GCC_NO_COMMON_BLOCKS = YES;
				GCC_OPTIMIZATION_LEVEL = 0;
				GCC_PREPROCESSOR_DEFINITIONS = (
					"DEBUG=1",
					"$(inherited)",
				);
				GCC_WARN_64_TO_32_BIT_CONVERSION = YES;
				GCC_WARN_ABOUT_RETURN_TYPE = YES_ERROR;
				GCC_WARN_UNDECLARED_SELECTOR = YES;
				GCC_WARN_UNINITIALIZED_AUTOS = YES_AGGRESSIVE;
				GCC_WARN_UNUSED_FUNCTION = YES;
				GCC_WARN_UNUSED_VARIABLE = YES;
				IPHONEOS_DEPLOYMENT_TARGET = 16.2;
				MTL_ENABLE_DEBUG_INFO = INCLUDE_SOURCE;
				MTL_FAST_MATH = YES;
				ONLY_ACTIVE_ARCH = YES;
				SDKROOT = iphoneos;
				SWIFT_ACTIVE_COMPILATION_CONDITIONS = DEBUG;
				SWIFT_OPTIMIZATION_LEVEL = "-Onone";
			};
			name = Debug;
		};
		4A7066EA2983DA3800B37330 /* Release */ = {
			isa = XCBuildConfiguration;
			buildSettings = {
				ALWAYS_SEARCH_USER_PATHS = NO;
				CLANG_ANALYZER_NONNULL = YES;
				CLANG_ANALYZER_NUMBER_OBJECT_CONVERSION = YES_AGGRESSIVE;
				CLANG_CXX_LANGUAGE_STANDARD = "gnu++20";
				CLANG_ENABLE_MODULES = YES;
				CLANG_ENABLE_OBJC_ARC = YES;
				CLANG_ENABLE_OBJC_WEAK = YES;
				CLANG_WARN_BLOCK_CAPTURE_AUTORELEASING = YES;
				CLANG_WARN_BOOL_CONVERSION = YES;
				CLANG_WARN_COMMA = YES;
				CLANG_WARN_CONSTANT_CONVERSION = YES;
				CLANG_WARN_DEPRECATED_OBJC_IMPLEMENTATIONS = YES;
				CLANG_WARN_DIRECT_OBJC_ISA_USAGE = YES_ERROR;
				CLANG_WARN_DOCUMENTATION_COMMENTS = YES;
				CLANG_WARN_EMPTY_BODY = YES;
				CLANG_WARN_ENUM_CONVERSION = YES;
				CLANG_WARN_INFINITE_RECURSION = YES;
				CLANG_WARN_INT_CONVERSION = YES;
				CLANG_WARN_NON_LITERAL_NULL_CONVERSION = YES;
				CLANG_WARN_OBJC_IMPLICIT_RETAIN_SELF = YES;
				CLANG_WARN_OBJC_LITERAL_CONVERSION = YES;
				CLANG_WARN_OBJC_ROOT_CLASS = YES_ERROR;
				CLANG_WARN_QUOTED_INCLUDE_IN_FRAMEWORK_HEADER = YES;
				CLANG_WARN_RANGE_LOOP_ANALYSIS = YES;
				CLANG_WARN_STRICT_PROTOTYPES = YES;
				CLANG_WARN_SUSPICIOUS_MOVE = YES;
				CLANG_WARN_UNGUARDED_AVAILABILITY = YES_AGGRESSIVE;
				CLANG_WARN_UNREACHABLE_CODE = YES;
				CLANG_WARN__DUPLICATE_METHOD_MATCH = YES;
				COPY_PHASE_STRIP = NO;
				DEBUG_INFORMATION_FORMAT = "dwarf-with-dsym";
				ENABLE_NS_ASSERTIONS = NO;
				ENABLE_STRICT_OBJC_MSGSEND = YES;
				GCC_C_LANGUAGE_STANDARD = gnu11;
				GCC_NO_COMMON_BLOCKS = YES;
				GCC_WARN_64_TO_32_BIT_CONVERSION = YES;
				GCC_WARN_ABOUT_RETURN_TYPE = YES_ERROR;
				GCC_WARN_UNDECLARED_SELECTOR = YES;
				GCC_WARN_UNINITIALIZED_AUTOS = YES_AGGRESSIVE;
				GCC_WARN_UNUSED_FUNCTION = YES;
				GCC_WARN_UNUSED_VARIABLE = YES;
				IPHONEOS_DEPLOYMENT_TARGET = 16.2;
				MTL_ENABLE_DEBUG_INFO = NO;
				MTL_FAST_MATH = YES;
				SDKROOT = iphoneos;
				SWIFT_COMPILATION_MODE = wholemodule;
				SWIFT_OPTIMIZATION_LEVEL = "-O";
				VALIDATE_PRODUCT = YES;
			};
			name = Release;
		};
		4A7066EC2983DA3800B37330 /* Debug */ = {
			isa = XCBuildConfiguration;
			baseConfigurationReference = 757045D19FF90DEC3F433116 /* Pods-BugdetApp.debug.xcconfig */;
			buildSettings = {
				ASSETCATALOG_COMPILER_APPICON_NAME = AppIcon;
				ASSETCATALOG_COMPILER_GLOBAL_ACCENT_COLOR_NAME = AccentColor;
				CODE_SIGN_STYLE = Automatic;
				CURRENT_PROJECT_VERSION = 1;
				DEVELOPMENT_TEAM = KR56UH6MNG;
				GENERATE_INFOPLIST_FILE = YES;
				INFOPLIST_FILE = BugdetApp/Info.plist;
				INFOPLIST_KEY_UIApplicationSupportsIndirectInputEvents = YES;
				INFOPLIST_KEY_UILaunchStoryboardName = LaunchScreen;
				INFOPLIST_KEY_UISupportedInterfaceOrientations_iPad = "UIInterfaceOrientationPortrait UIInterfaceOrientationPortraitUpsideDown UIInterfaceOrientationLandscapeLeft UIInterfaceOrientationLandscapeRight";
				INFOPLIST_KEY_UISupportedInterfaceOrientations_iPhone = "UIInterfaceOrientationPortrait UIInterfaceOrientationLandscapeLeft UIInterfaceOrientationLandscapeRight";
				LD_RUNPATH_SEARCH_PATHS = (
					"$(inherited)",
					"@executable_path/Frameworks",
				);
				MARKETING_VERSION = 1.0;
				PRODUCT_BUNDLE_IDENTIFIER = com.AppleDeveloperAcademy.BugdetApp;
				PRODUCT_NAME = "$(TARGET_NAME)";
				SWIFT_EMIT_LOC_STRINGS = YES;
				SWIFT_VERSION = 5.0;
				TARGETED_DEVICE_FAMILY = "1,2";
			};
			name = Debug;
		};
		4A7066ED2983DA3800B37330 /* Release */ = {
			isa = XCBuildConfiguration;
			baseConfigurationReference = 1891872DA1453C6B4FD25DDC /* Pods-BugdetApp.release.xcconfig */;
			buildSettings = {
				ASSETCATALOG_COMPILER_APPICON_NAME = AppIcon;
				ASSETCATALOG_COMPILER_GLOBAL_ACCENT_COLOR_NAME = AccentColor;
				CODE_SIGN_STYLE = Automatic;
				CURRENT_PROJECT_VERSION = 1;
				DEVELOPMENT_TEAM = KR56UH6MNG;
				GENERATE_INFOPLIST_FILE = YES;
				INFOPLIST_FILE = BugdetApp/Info.plist;
				INFOPLIST_KEY_UIApplicationSupportsIndirectInputEvents = YES;
				INFOPLIST_KEY_UILaunchStoryboardName = LaunchScreen;
				INFOPLIST_KEY_UISupportedInterfaceOrientations_iPad = "UIInterfaceOrientationPortrait UIInterfaceOrientationPortraitUpsideDown UIInterfaceOrientationLandscapeLeft UIInterfaceOrientationLandscapeRight";
				INFOPLIST_KEY_UISupportedInterfaceOrientations_iPhone = "UIInterfaceOrientationPortrait UIInterfaceOrientationLandscapeLeft UIInterfaceOrientationLandscapeRight";
				LD_RUNPATH_SEARCH_PATHS = (
					"$(inherited)",
					"@executable_path/Frameworks",
				);
				MARKETING_VERSION = 1.0;
				PRODUCT_BUNDLE_IDENTIFIER = com.AppleDeveloperAcademy.BugdetApp;
				PRODUCT_NAME = "$(TARGET_NAME)";
				SWIFT_EMIT_LOC_STRINGS = YES;
				SWIFT_VERSION = 5.0;
				TARGETED_DEVICE_FAMILY = "1,2";
			};
			name = Release;
		};
/* End XCBuildConfiguration section */

/* Begin XCConfigurationList section */
		4A7066D22983DA3700B37330 /* Build configuration list for PBXProject "BugdetApp" */ = {
			isa = XCConfigurationList;
			buildConfigurations = (
				4A7066E92983DA3800B37330 /* Debug */,
				4A7066EA2983DA3800B37330 /* Release */,
			);
			defaultConfigurationIsVisible = 0;
			defaultConfigurationName = Release;
		};
		4A7066EB2983DA3800B37330 /* Build configuration list for PBXNativeTarget "BugdetApp" */ = {
			isa = XCConfigurationList;
			buildConfigurations = (
				4A7066EC2983DA3800B37330 /* Debug */,
				4A7066ED2983DA3800B37330 /* Release */,
			);
			defaultConfigurationIsVisible = 0;
			defaultConfigurationName = Release;
		};
/* End XCConfigurationList section */

/* Begin XCVersionGroup section */
		4A48C0802983DBD0005D6C2E /* BudgetModel.xcdatamodeld */ = {
			isa = XCVersionGroup;
			children = (
				4A48C0812983DBD0005D6C2E /* BudgetModel.xcdatamodel */,
			);
			currentVersion = 4A48C0812983DBD0005D6C2E /* BudgetModel.xcdatamodel */;
			path = BudgetModel.xcdatamodeld;
			sourceTree = "<group>";
			versionGroupType = wrapper.xcdatamodel;
		};
/* End XCVersionGroup section */
	};
	rootObject = 4A7066CF2983DA3700B37330 /* Project object */;
}
